
Microsoft Visual Studio Solution File, Format Version 11.00
# Visual Studio 2010
Project("{FAE04EC0-301F-11D3-BF4B-00C04F79EFBC}") = "WCFEMPLibrary", "WCFEMPLibrary\WCFEMPLibrary.csproj", "{9AF3F609-8A0E-4D4B-AC4D-1E5A8C0BD5D4}"
EndProject
Project("{E24C65DC-7377-472B-9ABA-BC803B73C61A}") = "HostEPM", "http://localhost/HostEPM", "{24BD42AB-4F12-42CD-8EB9-FEBCE082FBFC}"
	ProjectSection(WebsiteProperties) = preProject
		TargetFrameworkMoniker = ".NETFramework,Version%3Dv4.0"
		ProjectReferences = "{9AF3F609-8A0E-4D4B-AC4D-1E5A8C0BD5D4}|WCFEMPLibrary.dll;"
		Debug.AspNetCompiler.VirtualPath = "/HostEPM"
		Debug.AspNetCompiler.PhysicalPath = "..\..\..\..\..\..\inetpub\wwwroot\HostEPM\"
		Debug.AspNetCompiler.TargetPath = "PrecompiledWeb\HostEPM\"
		Debug.AspNetCompiler.Updateable = "true"
		Debug.AspNetCompiler.ForceOverwrite = "true"
		Debug.AspNetCompiler.FixedNames = "false"
		Debug.AspNetCompiler.Debug = "True"
		Release.AspNetCompiler.VirtualPath = "/HostEPM"
		Release.AspNetCompiler.PhysicalPath = "..\..\..\..\..\..\inetpub\wwwroot\HostEPM\"
		Release.AspNetCompiler.TargetPath = "PrecompiledWeb\HostEPM\"
		Release.AspNetCompiler.Updateable = "true"
		Release.AspNetCompiler.ForceOverwrite = "true"
		Release.AspNetCompiler.FixedNames = "false"
		Release.AspNetCompiler.Debug = "False"
		SlnRelativePath = "..\..\..\..\..\..\inetpub\wwwroot\HostEPM\"
		DefaultWebSiteLanguage = "Visual C#"
	EndProjectSection
EndProject
Project("{FAE04EC0-301F-11D3-BF4B-00C04F79EFBC}") = "EPMCliente1", "EPMCliente1\EPMCliente1.csproj", "{BB2D36E4-DDCA-4287-9919-6364EC318CA3}"
	ProjectSection(ProjectDependencies) = postProject
		{24BD42AB-4F12-42CD-8EB9-FEBCE082FBFC} = {24BD42AB-4F12-42CD-8EB9-FEBCE082FBFC}
	EndProjectSection
EndProject
Project("{FAE04EC0-301F-11D3-BF4B-00C04F79EFBC}") = "EPMWebClient2", "EPMWebClient2\EPMWebClient2.csproj", "{23899305-3668-4C1F-8EA4-4514522810B7}"
	ProjectSection(ProjectDependencies) = postProject
		{24BD42AB-4F12-42CD-8EB9-FEBCE082FBFC} = {24BD42AB-4F12-42CD-8EB9-FEBCE082FBFC}
	EndProjectSection
EndProject
Global
	GlobalSection(SolutionConfigurationPlatforms) = preSolution
		Debug|Any CPU = Debug|Any CPU
		Debug|Mixed Platforms = Debug|Mixed Platforms
		Debug|x86 = Debug|x86
		Release|Any CPU = Release|Any CPU
		Release|Mixed Platforms = Release|Mixed Platforms
		Release|x86 = Release|x86
	EndGlobalSection
	GlobalSection(ProjectConfigurationPlatforms) = postSolution
		{9AF3F609-8A0E-4D4B-AC4D-1E5A8C0BD5D4}.Debug|Any CPU.ActiveCfg = Debug|Any CPU
		{9AF3F609-8A0E-4D4B-AC4D-1E5A8C0BD5D4}.Debug|Any CPU.Build.0 = Debug|Any CPU
		{9AF3F609-8A0E-4D4B-AC4D-1E5A8C0BD5D4}.Debug|Mixed Platforms.ActiveCfg = Debug|Any CPU
		{9AF3F609-8A0E-4D4B-AC4D-1E5A8C0BD5D4}.Debug|Mixed Platforms.Build.0 = Debug|Any CPU
		{9AF3F609-8A0E-4D4B-AC4D-1E5A8C0BD5D4}.Debug|x86.ActiveCfg = Debug|Any CPU
		{9AF3F609-8A0E-4D4B-AC4D-1E5A8C0BD5D4}.Release|Any CPU.ActiveCfg = Release|Any CPU
		{9AF3F609-8A0E-4D4B-AC4D-1E5A8C0BD5D4}.Release|Any CPU.Build.0 = Release|Any CPU
		{9AF3F609-8A0E-4D4B-AC4D-1E5A8C0BD5D4}.Release|Mixed Platforms.ActiveCfg = Release|Any CPU
		{9AF3F609-8A0E-4D4B-AC4D-1E5A8C0BD5D4}.Release|Mixed Platforms.Build.0 = Release|Any CPU
		{9AF3F609-8A0E-4D4B-AC4D-1E5A8C0BD5D4}.Release|x86.ActiveCfg = Release|Any CPU
		{24BD42AB-4F12-42CD-8EB9-FEBCE082FBFC}.Debug|Any CPU.ActiveCfg = Debug|Any CPU
		{24BD42AB-4F12-42CD-8EB9-FEBCE082FBFC}.Debug|Any CPU.Build.0 = Debug|Any CPU
		{24BD42AB-4F12-42CD-8EB9-FEBCE082FBFC}.Debug|Mixed Platforms.ActiveCfg = Debug|Any CPU
		{24BD42AB-4F12-42CD-8EB9-FEBCE082FBFC}.Debug|Mixed Platforms.Build.0 = Debug|Any CPU
		{24BD42AB-4F12-42CD-8EB9-FEBCE082FBFC}.Debug|x86.ActiveCfg = Debug|Any CPU
		{24BD42AB-4F12-42CD-8EB9-FEBCE082FBFC}.Release|Any CPU.ActiveCfg = Debug|Any CPU
		{24BD42AB-4F12-42CD-8EB9-FEBCE082FBFC}.Release|Any CPU.Build.0 = Debug|Any CPU
		{24BD42AB-4F12-42CD-8EB9-FEBCE082FBFC}.Release|Mixed Platforms.ActiveCfg = Debug|Any CPU
		{24BD42AB-4F12-42CD-8EB9-FEBCE082FBFC}.Release|Mixed Platforms.Build.0 = Debug|Any CPU
		{24BD42AB-4F12-42CD-8EB9-FEBCE082FBFC}.Release|x86.ActiveCfg = Debug|Any CPU
		{BB2D36E4-DDCA-4287-9919-6364EC318CA3}.Debug|Any CPU.ActiveCfg = Debug|x86
		{BB2D36E4-DDCA-4287-9919-6364EC318CA3}.Debug|Mixed Platforms.ActiveCfg = Debug|x86
		{BB2D36E4-DDCA-4287-9919-6364EC318CA3}.Debug|Mixed Platforms.Build.0 = Debug|x86
		{BB2D36E4-DDCA-4287-9919-6364EC318CA3}.Debug|x86.ActiveCfg = Debug|x86
		{BB2D36E4-DDCA-4287-9919-6364EC318CA3}.Debug|x86.Build.0 = Debug|x86
		{BB2D36E4-DDCA-4287-9919-6364EC318CA3}.Release|Any CPU.ActiveCfg = Release|x86
		{BB2D36E4-DDCA-4287-9919-6364EC318CA3}.Release|Mixed Platforms.ActiveCfg = Release|x86
		{BB2D36E4-DDCA-4287-9919-6364EC318CA3}.Release|Mixed Platforms.Build.0 = Release|x86
		{BB2D36E4-DDCA-4287-9919-6364EC318CA3}.Release|x86.ActiveCfg = Release|x86
		{BB2D36E4-DDCA-4287-9919-6364EC318CA3}.Release|x86.Build.0 = Release|x86
		{23899305-3668-4C1F-8EA4-4514522810B7}.Debug|Any CPU.ActiveCfg = Debug|Any CPU
		{23899305-3668-4C1F-8EA4-4514522810B7}.Debug|Any CPU.Build.0 = Debug|Any CPU
		{23899305-3668-4C1F-8EA4-4514522810B7}.Debug|Mixed Platforms.ActiveCfg = Debug|Any CPU
		{23899305-3668-4C1F-8EA4-4514522810B7}.Debug|Mixed Platforms.Build.0 = Debug|Any CPU
		{23899305-3668-4C1F-8EA4-4514522810B7}.Debug|x86.ActiveCfg = Debug|Any CPU
		{23899305-3668-4C1F-8EA4-4514522810B7}.Release|Any CPU.ActiveCfg = Release|Any CPU
		{23899305-3668-4C1F-8EA4-4514522810B7}.Release|Any CPU.Build.0 = Release|Any CPU
		{23899305-3668-4C1F-8EA4-4514522810B7}.Release|Mixed Platforms.ActiveCfg = Release|Any CPU
		{23899305-3668-4C1F-8EA4-4514522810B7}.Release|Mixed Platforms.Build.0 = Release|Any CPU
		{23899305-3668-4C1F-8EA4-4514522810B7}.Release|x86.ActiveCfg = Release|Any CPU
	EndGlobalSection
	GlobalSection(SolutionProperties) = preSolution
		HideSolutionNode = FALSE
	EndGlobalSection
EndGlobal
